
Microsoft Visual Studio Solution File, Format Version 12.00
# Visual Studio Version 17
VisualStudioVersion = 17.7.34003.232
MinimumVisualStudioVersion = 10.0.40219.1
Project("{FAE04EC0-301F-11D3-BF4B-00C04F79EFBC}") = "CountDown Timer", "CountDown Timer\CountDown Timer.csproj", "{3C9BE1FE-E295-499C-A5F9-A0DBF30BBDF3}"
EndProject
Global
	GlobalSection(SolutionConfigurationPlatforms) = preSolution
		Debug|Any CPU = Debug|Any CPU
		Release|Any CPU = Release|Any CPU
	EndGlobalSection
	GlobalSection(ProjectConfigurationPlatforms) = postSolution
		{3C9BE1FE-E295-499C-A5F9-A0DBF30BBDF3}.Debug|Any CPU.ActiveCfg = Debug|Any CPU
		{3C9BE1FE-E295-499C-A5F9-A0DBF30BBDF3}.Debug|Any CPU.Build.0 = Debug|Any CPU
		{3C9BE1FE-E295-499C-A5F9-A0DBF30BBDF3}.Release|Any CPU.ActiveCfg = Release|Any CPU
		{3C9BE1FE-E295-499C-A5F9-A0DBF30BBDF3}.Release|Any CPU.Build.0 = Release|Any CPU
	EndGlobalSection
	GlobalSection(SolutionProperties) = preSolution
		HideSolutionNode = FALSE
	EndGlobalSection
	GlobalSection(ExtensibilityGlobals) = postSolution
		SolutionGuid = {377D52F3-51FA-47DE-B1BF-AA6F2FC210B6}
	EndGlobalSection
EndGlobal
